
Microsoft Visual Studio Solution File, Format Version 12.00
# Visual Studio Version 17
VisualStudioVersion = 17.12.35707.178 d17.12
MinimumVisualStudioVersion = 10.0.40219.1
Project("{FAE04EC0-301F-11D3-BF4B-00C04F79EFBC}") = "ProyectoERP.WebAPI", "ProyectoERP.WebAPI\ProyectoERP.WebAPI.csproj", "{77513C43-FC52-40DC-A501-11900237AAC8}"
EndProject
Project("{FAE04EC0-301F-11D3-BF4B-00C04F79EFBC}") = "ProyectoERP.Dominio", "ProyectoERP.Dominio\ProyectoERP.Dominio.csproj", "{344C3293-DCA0-47CE-B8C2-C8CE5DBC1214}"
EndProject
Project("{FAE04EC0-301F-11D3-BF4B-00C04F79EFBC}") = "ProyectoERP.Infraestructura", "ProyectoERP.Infraestructura\ProyectoERP.Infraestructura.csproj", "{3A78C782-B06D-4F7F-868B-8E93810AC368}"
EndProject
Project("{FAE04EC0-301F-11D3-BF4B-00C04F79EFBC}") = "ProyectoERP.Aplicacion", "ProyectoERP.Aplicacion\ProyectoERP.Aplicacion.csproj", "{80F52CEE-3868-495E-AA30-AE74CAA34ED4}"
EndProject
Global
	GlobalSection(SolutionConfigurationPlatforms) = preSolution
		Debug|Any CPU = Debug|Any CPU
		Release|Any CPU = Release|Any CPU
	EndGlobalSection
	GlobalSection(ProjectConfigurationPlatforms) = postSolution
		{77513C43-FC52-40DC-A501-11900237AAC8}.Debug|Any CPU.ActiveCfg = Debug|Any CPU
		{77513C43-FC52-40DC-A501-11900237AAC8}.Debug|Any CPU.Build.0 = Debug|Any CPU
		{77513C43-FC52-40DC-A501-11900237AAC8}.Release|Any CPU.ActiveCfg = Release|Any CPU
		{77513C43-FC52-40DC-A501-11900237AAC8}.Release|Any CPU.Build.0 = Release|Any CPU
		{344C3293-DCA0-47CE-B8C2-C8CE5DBC1214}.Debug|Any CPU.ActiveCfg = Debug|Any CPU
		{344C3293-DCA0-47CE-B8C2-C8CE5DBC1214}.Debug|Any CPU.Build.0 = Debug|Any CPU
		{344C3293-DCA0-47CE-B8C2-C8CE5DBC1214}.Release|Any CPU.ActiveCfg = Release|Any CPU
		{344C3293-DCA0-47CE-B8C2-C8CE5DBC1214}.Release|Any CPU.Build.0 = Release|Any CPU
		{3A78C782-B06D-4F7F-868B-8E93810AC368}.Debug|Any CPU.ActiveCfg = Debug|Any CPU
		{3A78C782-B06D-4F7F-868B-8E93810AC368}.Debug|Any CPU.Build.0 = Debug|Any CPU
		{3A78C782-B06D-4F7F-868B-8E93810AC368}.Release|Any CPU.ActiveCfg = Release|Any CPU
		{3A78C782-B06D-4F7F-868B-8E93810AC368}.Release|Any CPU.Build.0 = Release|Any CPU
		{80F52CEE-3868-495E-AA30-AE74CAA34ED4}.Debug|Any CPU.ActiveCfg = Debug|Any CPU
		{80F52CEE-3868-495E-AA30-AE74CAA34ED4}.Debug|Any CPU.Build.0 = Debug|Any CPU
		{80F52CEE-3868-495E-AA30-AE74CAA34ED4}.Release|Any CPU.ActiveCfg = Release|Any CPU
		{80F52CEE-3868-495E-AA30-AE74CAA34ED4}.Release|Any CPU.Build.0 = Release|Any CPU
	EndGlobalSection
	GlobalSection(SolutionProperties) = preSolution
		HideSolutionNode = FALSE
	EndGlobalSection
EndGlobal
