
Microsoft Visual Studio Solution File, Format Version 12.00
# Visual Studio Version 17
VisualStudioVersion = 17.12.35506.116 d17.12
MinimumVisualStudioVersion = 10.0.40219.1
Project("{FAE04EC0-301F-11D3-BF4B-00C04F79EFBC}") = "NovalynxFashion.UI", "NovalynxFashion.UI.csproj", "{B116E9E9-7863-405B-9626-080CE48A53D4}"
EndProject
Project("{FAE04EC0-301F-11D3-BF4B-00C04F79EFBC}") = "NovalynxFashion.Core", "..\NovalynxFashio.Core\NovalynxFashion.Core.csproj", "{1508554B-5D72-4BE3-8D3A-9F6C198AA8F0}"
EndProject
Project("{FAE04EC0-301F-11D3-BF4B-00C04F79EFBC}") = "NovalynxFashion.Application", "..\NovalynxFashion.Application\NovalynxFashion.Application.csproj", "{2D0059AA-0340-4B5C-843F-6EE8D11CB719}"
EndProject
Project("{FAE04EC0-301F-11D3-BF4B-00C04F79EFBC}") = "NovalynxFashion.Infrastructure", "..\NovalynxFashion.Infrastructure\NovalynxFashion.Infrastructure.csproj", "{58769741-B426-436D-B099-C7545FAB1F6C}"
EndProject
Global
	GlobalSection(SolutionConfigurationPlatforms) = preSolution
		Debug|Any CPU = Debug|Any CPU
		Release|Any CPU = Release|Any CPU
	EndGlobalSection
	GlobalSection(ProjectConfigurationPlatforms) = postSolution
		{B116E9E9-7863-405B-9626-080CE48A53D4}.Debug|Any CPU.ActiveCfg = Debug|Any CPU
		{B116E9E9-7863-405B-9626-080CE48A53D4}.Debug|Any CPU.Build.0 = Debug|Any CPU
		{B116E9E9-7863-405B-9626-080CE48A53D4}.Release|Any CPU.ActiveCfg = Release|Any CPU
		{B116E9E9-7863-405B-9626-080CE48A53D4}.Release|Any CPU.Build.0 = Release|Any CPU
		{1508554B-5D72-4BE3-8D3A-9F6C198AA8F0}.Debug|Any CPU.ActiveCfg = Debug|Any CPU
		{1508554B-5D72-4BE3-8D3A-9F6C198AA8F0}.Debug|Any CPU.Build.0 = Debug|Any CPU
		{1508554B-5D72-4BE3-8D3A-9F6C198AA8F0}.Release|Any CPU.ActiveCfg = Release|Any CPU
		{1508554B-5D72-4BE3-8D3A-9F6C198AA8F0}.Release|Any CPU.Build.0 = Release|Any CPU
		{2D0059AA-0340-4B5C-843F-6EE8D11CB719}.Debug|Any CPU.ActiveCfg = Debug|Any CPU
		{2D0059AA-0340-4B5C-843F-6EE8D11CB719}.Debug|Any CPU.Build.0 = Debug|Any CPU
		{2D0059AA-0340-4B5C-843F-6EE8D11CB719}.Release|Any CPU.ActiveCfg = Release|Any CPU
		{2D0059AA-0340-4B5C-843F-6EE8D11CB719}.Release|Any CPU.Build.0 = Release|Any CPU
		{58769741-B426-436D-B099-C7545FAB1F6C}.Debug|Any CPU.ActiveCfg = Debug|Any CPU
		{58769741-B426-436D-B099-C7545FAB1F6C}.Debug|Any CPU.Build.0 = Debug|Any CPU
		{58769741-B426-436D-B099-C7545FAB1F6C}.Release|Any CPU.ActiveCfg = Release|Any CPU
		{58769741-B426-436D-B099-C7545FAB1F6C}.Release|Any CPU.Build.0 = Release|Any CPU
	EndGlobalSection
	GlobalSection(SolutionProperties) = preSolution
		HideSolutionNode = FALSE
	EndGlobalSection
EndGlobal
